_id: 69fd9bf0b4baef98adba330a
appOnly: false
brand: Divoom
brands:
  - id: 96dd678a-704a-5576-a2b5-bb219acc3da5
    name: Divoom
categories:
  - 2858280d-b591-5a96-b225-0020357d4d17
classicId: '3201579'
classicProductId: '709752'
deliveryPrice:
  cents: 595
  currency: EUR
  value: 5.95
directCheckout: true
discount: 53
end: '2026-05-29T21:59:59.999Z'
freeDelivery: false
id: b2cc7f28-b1a0-5838-9453-ca7d81732ae0
image:
  channels:
    - app
    - website
    - newsletter
    - all
  extension: image/png
  id: 92a4a35c-0241-456b-ad47-244af71cfbb6-tr
  priority: 0
  slug: divoom-times-gate-pixel-display-rgb-smart-clock-product-3
  type: product
offerId: 19c67c0f-87fc-5c7e-aa7a-5fa34ed6dff2
price:
  cents: 6995
  currency: EUR
  value: 69.95
referencePrice:
  cents: 14995
  currency: EUR
  value: 149.95
slug: divoom-times-gate-pixel-display
soldOut: false
start: '2026-05-26T22:00:00.000Z'
title: Divoom Times Gate Pixel Display | RGB Smart Clock
